
Microsoft Visual Studio Solution File, Format Version 12.00
Project("{FAE04EC0-301F-11D3-BF4B-00C04F79EFBC}") = "WatermarkSample", "WatermarkSample\WatermarkSample.csproj", "{813295D6-07D1-468C-98EF-3920D9AD0463}"
EndProject
Global
	GlobalSection(SolutionConfigurationPlatforms) = preSolution
		Debug|Any CPU = Debug|Any CPU
		Release|Any CPU = Release|Any CPU
	EndGlobalSection
	GlobalSection(ProjectConfigurationPlatforms) = postSolution
		{813295D6-07D1-468C-98EF-3920D9AD0463}.Debug|Any CPU.ActiveCfg = Debug|Any CPU
		{813295D6-07D1-468C-98EF-3920D9AD0463}.Debug|Any CPU.Build.0 = Debug|Any CPU
		{813295D6-07D1-468C-98EF-3920D9AD0463}.Release|Any CPU.ActiveCfg = Release|Any CPU
		{813295D6-07D1-468C-98EF-3920D9AD0463}.Release|Any CPU.Build.0 = Release|Any CPU
	EndGlobalSection
EndGlobal
